
Microsoft Visual Studio Solution File, Format Version 12.00
# Visual Studio 15
VisualStudioVersion = 15.0.27130.2024
MinimumVisualStudioVersion = 10.0.40219.1
Project("{FAE04EC0-301F-11D3-BF4B-00C04F79EFBC}") = "ProcessMonitorDemo", "ProcessMonitorDemo\ProcessMonitorDemo.csproj", "{619B0FA1-9DF3-450B-9459-9E3A904D50F1}"
EndProject
Project("{FAE04EC0-301F-11D3-BF4B-00C04F79EFBC}") = "OutputDebugStringWriter", "OutputDebugStringWriter\OutputDebugStringWriter.csproj", "{27A46A21-2A6C-4CEC-B30B-0E77AECC5C05}"
EndProject
Project("{FAE04EC0-301F-11D3-BF4B-00C04F79EFBC}") = "CaptureProgramDebugOutput", "CaptureProgramDebugOutput\CaptureProgramDebugOutput.csproj", "{7559BAD1-35EA-48E5-893D-AD2091B18802}"
EndProject
Project("{FAE04EC0-301F-11D3-BF4B-00C04F79EFBC}") = "DebugWriter", "DebugWriter\DebugWriter.csproj", "{041C9666-3226-4E03-B8BD-EC7C2C05EFE2}"
EndProject
Project("{FAE04EC0-301F-11D3-BF4B-00C04F79EFBC}") = "DebugStreamer", "DebugStreamer\DebugStreamer.csproj", "{56D5D009-0A76-4917-AD37-094BC1A3C006}"
EndProject
Global
	GlobalSection(SolutionConfigurationPlatforms) = preSolution
		Debug|Any CPU = Debug|Any CPU
		Release|Any CPU = Release|Any CPU
	EndGlobalSection
	GlobalSection(ProjectConfigurationPlatforms) = postSolution
		{619B0FA1-9DF3-450B-9459-9E3A904D50F1}.Debug|Any CPU.ActiveCfg = Debug|Any CPU
		{619B0FA1-9DF3-450B-9459-9E3A904D50F1}.Debug|Any CPU.Build.0 = Debug|Any CPU
		{619B0FA1-9DF3-450B-9459-9E3A904D50F1}.Release|Any CPU.ActiveCfg = Release|Any CPU
		{619B0FA1-9DF3-450B-9459-9E3A904D50F1}.Release|Any CPU.Build.0 = Release|Any CPU
		{27A46A21-2A6C-4CEC-B30B-0E77AECC5C05}.Debug|Any CPU.ActiveCfg = Debug|Any CPU
		{27A46A21-2A6C-4CEC-B30B-0E77AECC5C05}.Debug|Any CPU.Build.0 = Debug|Any CPU
		{27A46A21-2A6C-4CEC-B30B-0E77AECC5C05}.Release|Any CPU.ActiveCfg = Release|Any CPU
		{27A46A21-2A6C-4CEC-B30B-0E77AECC5C05}.Release|Any CPU.Build.0 = Release|Any CPU
		{7559BAD1-35EA-48E5-893D-AD2091B18802}.Debug|Any CPU.ActiveCfg = Debug|Any CPU
		{7559BAD1-35EA-48E5-893D-AD2091B18802}.Debug|Any CPU.Build.0 = Debug|Any CPU
		{7559BAD1-35EA-48E5-893D-AD2091B18802}.Release|Any CPU.ActiveCfg = Release|Any CPU
		{7559BAD1-35EA-48E5-893D-AD2091B18802}.Release|Any CPU.Build.0 = Release|Any CPU
		{041C9666-3226-4E03-B8BD-EC7C2C05EFE2}.Debug|Any CPU.ActiveCfg = Debug|Any CPU
		{041C9666-3226-4E03-B8BD-EC7C2C05EFE2}.Debug|Any CPU.Build.0 = Debug|Any CPU
		{041C9666-3226-4E03-B8BD-EC7C2C05EFE2}.Release|Any CPU.ActiveCfg = Release|Any CPU
		{041C9666-3226-4E03-B8BD-EC7C2C05EFE2}.Release|Any CPU.Build.0 = Release|Any CPU
		{56D5D009-0A76-4917-AD37-094BC1A3C006}.Debug|Any CPU.ActiveCfg = Debug|Any CPU
		{56D5D009-0A76-4917-AD37-094BC1A3C006}.Debug|Any CPU.Build.0 = Debug|Any CPU
		{56D5D009-0A76-4917-AD37-094BC1A3C006}.Release|Any CPU.ActiveCfg = Release|Any CPU
		{56D5D009-0A76-4917-AD37-094BC1A3C006}.Release|Any CPU.Build.0 = Release|Any CPU
	EndGlobalSection
	GlobalSection(SolutionProperties) = preSolution
		HideSolutionNode = FALSE
	EndGlobalSection
	GlobalSection(ExtensibilityGlobals) = postSolution
		SolutionGuid = {68BDFBB9-4A72-40A8-BDD4-456E9717C266}
	EndGlobalSection
EndGlobal
